
Microsoft Visual Studio Solution File, Format Version 12.00
# Visual Studio Version 17
VisualStudioVersion = 17.8.34408.163
MinimumVisualStudioVersion = 10.0.40219.1
Project("{FAE04EC0-301F-11D3-BF4B-00C04F79EFBC}") = "learning", "learning.csproj", "{0448AD80-BB4F-4144-8E08-6C46ADEDC03E}"
EndProject
Global
	GlobalSection(SolutionConfigurationPlatforms) = preSolution
		Debug|Any CPU = Debug|Any CPU
		Release|Any CPU = Release|Any CPU
	EndGlobalSection
	GlobalSection(ProjectConfigurationPlatforms) = postSolution
		{0448AD80-BB4F-4144-8E08-6C46ADEDC03E}.Debug|Any CPU.ActiveCfg = Debug|Any CPU
		{0448AD80-BB4F-4144-8E08-6C46ADEDC03E}.Debug|Any CPU.Build.0 = Debug|Any CPU
		{0448AD80-BB4F-4144-8E08-6C46ADEDC03E}.Release|Any CPU.ActiveCfg = Release|Any CPU
		{0448AD80-BB4F-4144-8E08-6C46ADEDC03E}.Release|Any CPU.Build.0 = Release|Any CPU
	EndGlobalSection
	GlobalSection(SolutionProperties) = preSolution
		HideSolutionNode = FALSE
	EndGlobalSection
	GlobalSection(ExtensibilityGlobals) = postSolution
		SolutionGuid = {627F7F7F-E0A1-4343-BFCD-C746D87EABED}
	EndGlobalSection
EndGlobal
